// !$*UTF8*$!
{
	archiveVersion = 1;
	classes = {
	};
	objectVersion = 56;
	objects = {

/* Begin PBXBuildFile section */
		305C2F352A56A52D00861B10 /* bmob_chatgpt_demoApp.swift in Sources */ = {isa = PBXBuildFile; fileRef = 305C2F342A56A52D00861B10 /* bmob_chatgpt_demoApp.swift */; };
		305C2F372A56A52D00861B10 /* ContentView.swift in Sources */ = {isa = PBXBuildFile; fileRef = 305C2F362A56A52D00861B10 /* ContentView.swift */; };
		305C2F392A56A52F00861B10 /* Assets.xcassets in Resources */ = {isa = PBXBuildFile; fileRef = 305C2F382A56A52F00861B10 /* Assets.xcassets */; };
		305C2F3D2A56A52F00861B10 /* Preview Assets.xcassets in Resources */ = {isa = PBXBuildFile; fileRef = 305C2F3C2A56A52F00861B10 /* Preview Assets.xcassets */; };
		305C2F472A56A52F00861B10 /* bmob_chatgpt_demoTests.swift in Sources */ = {isa = PBXBuildFile; fileRef = 305C2F462A56A52F00861B10 /* bmob_chatgpt_demoTests.swift */; };
		305C2F512A56A52F00861B10 /* bmob_chatgpt_demoUITests.swift in Sources */ = {isa = PBXBuildFile; fileRef = 305C2F502A56A52F00861B10 /* bmob_chatgpt_demoUITests.swift */; };
		305C2F532A56A52F00861B10 /* bmob_chatgpt_demoUITestsLaunchTests.swift in Sources */ = {isa = PBXBuildFile; fileRef = 305C2F522A56A52F00861B10 /* bmob_chatgpt_demoUITestsLaunchTests.swift */; };
/* End PBXBuildFile section */

/* Begin PBXContainerItemProxy section */
		305C2F432A56A52F00861B10 /* PBXContainerItemProxy */ = {
			isa = PBXContainerItemProxy;
			containerPortal = 305C2F292A56A52D00861B10 /* Project object */;
			proxyType = 1;
			remoteGlobalIDString = 305C2F302A56A52D00861B10;
			remoteInfo = "bmob-chatgpt-demo";
		};
		305C2F4D2A56A52F00861B10 /* PBXContainerItemProxy */ = {
			isa = PBXContainerItemProxy;
			containerPortal = 305C2F292A56A52D00861B10 /* Project object */;
			proxyType = 1;
			remoteGlobalIDString = 305C2F302A56A52D00861B10;
			remoteInfo = "bmob-chatgpt-demo";
		};
/* End PBXContainerItemProxy section */

/* Begin PBXFileReference section */
		305C2F312A56A52D00861B10 /* bmob-chatgpt-demo.app */ = {isa = PBXFileReference; explicitFileType = wrapper.application; includeInIndex = 0; path = "bmob-chatgpt-demo.app"; sourceTree = BUILT_PRODUCTS_DIR; };
		305C2F342A56A52D00861B10 /* bmob_chatgpt_demoApp.swift */ = {isa = PBXFileReference; lastKnownFileType = sourcecode.swift; path = bmob_chatgpt_demoApp.swift; sourceTree = "<group>"; };
		305C2F362A56A52D00861B10 /* ContentView.swift */ = {isa = PBXFileReference; lastKnownFileType = sourcecode.swift; path = ContentView.swift; sourceTree = "<group>"; };
		305C2F382A56A52F00861B10 /* Assets.xcassets */ = {isa = PBXFileReference; lastKnownFileType = folder.assetcatalog; path = Assets.xcassets; sourceTree = "<group>"; };
		305C2F3A2A56A52F00861B10 /* bmob_chatgpt_demo.entitlements */ = {isa = PBXFileReference; lastKnownFileType = text.plist.entitlements; path = bmob_chatgpt_demo.entitlements; sourceTree = "<group>"; };
		305C2F3C2A56A52F00861B10 /* Preview Assets.xcassets */ = {isa = PBXFileReference; lastKnownFileType = folder.assetcatalog; path = "Preview Assets.xcassets"; sourceTree = "<group>"; };
		305C2F422A56A52F00861B10 /* bmob-chatgpt-demoTests.xctest */ = {isa = PBXFileReference; explicitFileType = wrapper.cfbundle; includeInIndex = 0; path = "bmob-chatgpt-demoTests.xctest"; sourceTree = BUILT_PRODUCTS_DIR; };
		305C2F462A56A52F00861B10 /* bmob_chatgpt_demoTests.swift */ = {isa = PBXFileReference; lastKnownFileType = sourcecode.swift; path = bmob_chatgpt_demoTests.swift; sourceTree = "<group>"; };
		305C2F4C2A56A52F00861B10 /* bmob-chatgpt-demoUITests.xctest */ = {isa = PBXFileReference; explicitFileType = wrapper.cfbundle; includeInIndex = 0; path = "bmob-chatgpt-demoUITests.xctest"; sourceTree = BUILT_PRODUCTS_DIR; };
		305C2F502A56A52F00861B10 /* bmob_chatgpt_demoUITests.swift */ = {isa = PBXFileReference; lastKnownFileType = sourcecode.swift; path = bmob_chatgpt_demoUITests.swift; sourceTree = "<group>"; };
		305C2F522A56A52F00861B10 /* bmob_chatgpt_demoUITestsLaunchTests.swift */ = {isa = PBXFileReference; lastKnownFileType = sourcecode.swift; path = bmob_chatgpt_demoUITestsLaunchTests.swift; sourceTree = "<group>"; };
/* End PBXFileReference section */

/* Begin PBXFrameworksBuildPhase section */
		305C2F2E2A56A52D00861B10 /* Frameworks */ = {
			isa = PBXFrameworksBuildPhase;
			buildActionMask = 2147483647;
			files = (
			);
			runOnlyForDeploymentPostprocessing = 0;
		};
		305C2F3F2A56A52F00861B10 /* Frameworks */ = {
			isa = PBXFrameworksBuildPhase;
			buildActionMask = 2147483647;
			files = (
			);
			runOnlyForDeploymentPostprocessing = 0;
		};
		305C2F492A56A52F00861B10 /* Frameworks */ = {
			isa = PBXFrameworksBuildPhase;
			buildActionMask = 2147483647;
			files = (
			);
			runOnlyForDeploymentPostprocessing = 0;
		};
/* End PBXFrameworksBuildPhase section */

/* Begin PBXGroup section */
		305C2F282A56A52D00861B10 = {
			isa = PBXGroup;
			children = (
				305C2F332A56A52D00861B10 /* bmob-chatgpt-demo */,
				305C2F452A56A52F00861B10 /* bmob-chatgpt-demoTests */,
				305C2F4F2A56A52F00861B10 /* bmob-chatgpt-demoUITests */,
				305C2F322A56A52D00861B10 /* Products */,
			);
			sourceTree = "<group>";
		};
		305C2F322A56A52D00861B10 /* Products */ = {
			isa = PBXGroup;
			children = (
				305C2F312A56A52D00861B10 /* bmob-chatgpt-demo.app */,
				305C2F422A56A52F00861B10 /* bmob-chatgpt-demoTests.xctest */,
				305C2F4C2A56A52F00861B10 /* bmob-chatgpt-demoUITests.xctest */,
			);
			name = Products;
			sourceTree = "<group>";
		};
		305C2F332A56A52D00861B10 /* bmob-chatgpt-demo */ = {
			isa = PBXGroup;
			children = (
				305C2F342A56A52D00861B10 /* bmob_chatgpt_demoApp.swift */,
				305C2F362A56A52D00861B10 /* ContentView.swift */,
				305C2F382A56A52F00861B10 /* Assets.xcassets */,
				305C2F3A2A56A52F00861B10 /* bmob_chatgpt_demo.entitlements */,
				305C2F3B2A56A52F00861B10 /* Preview Content */,
			);
			path = "bmob-chatgpt-demo";
			sourceTree = "<group>";
		};
		305C2F3B2A56A52F00861B10 /* Preview Content */ = {
			isa = PBXGroup;
			children = (
				305C2F3C2A56A52F00861B10 /* Preview Assets.xcassets */,
			);
			path = "Preview Content";
			sourceTree = "<group>";
		};
		305C2F452A56A52F00861B10 /* bmob-chatgpt-demoTests */ = {
			isa = PBXGroup;
			children = (
				305C2F462A56A52F00861B10 /* bmob_chatgpt_demoTests.swift */,
			);
			path = "bmob-chatgpt-demoTests";
			sourceTree = "<group>";
		};
		305C2F4F2A56A52F00861B10 /* bmob-chatgpt-demoUITests */ = {
			isa = PBXGroup;
			children = (
				305C2F502A56A52F00861B10 /* bmob_chatgpt_demoUITests.swift */,
				305C2F522A56A52F00861B10 /* bmob_chatgpt_demoUITestsLaunchTests.swift */,
			);
			path = "bmob-chatgpt-demoUITests";
			sourceTree = "<group>";
		};
/* End PBXGroup section */

/* Begin PBXNativeTarget section */
		305C2F302A56A52D00861B10 /* bmob-chatgpt-demo */ = {
			isa = PBXNativeTarget;
			buildConfigurationList = 305C2F562A56A52F00861B10 /* Build configuration list for PBXNativeTarget "bmob-chatgpt-demo" */;
			buildPhases = (
				305C2F2D2A56A52D00861B10 /* Sources */,
				305C2F2E2A56A52D00861B10 /* Frameworks */,
				305C2F2F2A56A52D00861B10 /* Resources */,
			);
			buildRules = (
			);
			dependencies = (
			);
			name = "bmob-chatgpt-demo";
			productName = "bmob-chatgpt-demo";
			productReference = 305C2F312A56A52D00861B10 /* bmob-chatgpt-demo.app */;
			productType = "com.apple.product-type.application";
		};
		305C2F412A56A52F00861B10 /* bmob-chatgpt-demoTests */ = {
			isa = PBXNativeTarget;
			buildConfigurationList = 305C2F592A56A52F00861B10 /* Build configuration list for PBXNativeTarget "bmob-chatgpt-demoTests" */;
			buildPhases = (
				305C2F3E2A56A52F00861B10 /* Sources */,
				305C2F3F2A56A52F00861B10 /* Frameworks */,
				305C2F402A56A52F00861B10 /* Resources */,
			);
			buildRules = (
			);
			dependencies = (
				305C2F442A56A52F00861B10 /* PBXTargetDependency */,
			);
			name = "bmob-chatgpt-demoTests";
			productName = "bmob-chatgpt-demoTests";
			productReference = 305C2F422A56A52F00861B10 /* bmob-chatgpt-demoTests.xctest */;
			productType = "com.apple.product-type.bundle.unit-test";
		};
		305C2F4B2A56A52F00861B10 /* bmob-chatgpt-demoUITests */ = {
			isa = PBXNativeTarget;
			buildConfigurationList = 305C2F5C2A56A52F00861B10 /* Build configuration list for PBXNativeTarget "bmob-chatgpt-demoUITests" */;
			buildPhases = (
				305C2F482A56A52F00861B10 /* Sources */,
				305C2F492A56A52F00861B10 /* Frameworks */,
				305C2F4A2A56A52F00861B10 /* Resources */,
			);
			buildRules = (
			);
			dependencies = (
				305C2F4E2A56A52F00861B10 /* PBXTargetDependency */,
			);
			name = "bmob-chatgpt-demoUITests";
			productName = "bmob-chatgpt-demoUITests";
			productReference = 305C2F4C2A56A52F00861B10 /* bmob-chatgpt-demoUITests.xctest */;
			productType = "com.apple.product-type.bundle.ui-testing";
		};
/* End PBXNativeTarget section */

/* Begin PBXProject section */
		305C2F292A56A52D00861B10 /* Project object */ = {
			isa = PBXProject;
			attributes = {
				BuildIndependentTargetsInParallel = 1;
				LastSwiftUpdateCheck = 1420;
				LastUpgradeCheck = 1420;
				TargetAttributes = {
					305C2F302A56A52D00861B10 = {
						CreatedOnToolsVersion = 14.2;
					};
					305C2F412A56A52F00861B10 = {
						CreatedOnToolsVersion = 14.2;
						TestTargetID = 305C2F302A56A52D00861B10;
					};
					305C2F4B2A56A52F00861B10 = {
						CreatedOnToolsVersion = 14.2;
						TestTargetID = 305C2F302A56A52D00861B10;
					};
				};
			};
			buildConfigurationList = 305C2F2C2A56A52D00861B10 /* Build configuration list for PBXProject "bmob-chatgpt-demo" */;
			compatibilityVersion = "Xcode 14.0";
			developmentRegion = en;
			hasScannedForEncodings = 0;
			knownRegions = (
				en,
				Base,
			);
			mainGroup = 305C2F282A56A52D00861B10;
			productRefGroup = 305C2F322A56A52D00861B10 /* Products */;
			projectDirPath = "";
			projectRoot = "";
			targets = (
				305C2F302A56A52D00861B10 /* bmob-chatgpt-demo */,
				305C2F412A56A52F00861B10 /* bmob-chatgpt-demoTests */,
				305C2F4B2A56A52F00861B10 /* bmob-chatgpt-demoUITests */,
			);
		};
/* End PBXProject section */

/* Begin PBXResourcesBuildPhase section */
		305C2F2F2A56A52D00861B10 /* Resources */ = {
			isa = PBXResourcesBuildPhase;
			buildActionMask = 2147483647;
			files = (
				305C2F3D2A56A52F00861B10 /* Preview Assets.xcassets in Resources */,
				305C2F392A56A52F00861B10 /* Assets.xcassets in Resources */,
			);
			runOnlyForDeploymentPostprocessing = 0;
		};
		305C2F402A56A52F00861B10 /* Resources */ = {
			isa = PBXResourcesBuildPhase;
			buildActionMask = 2147483647;
			files = (
			);
			runOnlyForDeploymentPostprocessing = 0;
		};
		305C2F4A2A56A52F00861B10 /* Resources */ = {
			isa = PBXResourcesBuildPhase;
			buildActionMask = 2147483647;
			files = (
			);
			runOnlyForDeploymentPostprocessing = 0;
		};
/* End PBXResourcesBuildPhase section */

/* Begin PBXSourcesBuildPhase section */
		305C2F2D2A56A52D00861B10 /* Sources */ = {
			isa = PBXSourcesBuildPhase;
			buildActionMask = 2147483647;
			files = (
				305C2F372A56A52D00861B10 /* ContentView.swift in Sources */,
				305C2F352A56A52D00861B10 /* bmob_chatgpt_demoApp.swift in Sources */,
			);
			runOnlyForDeploymentPostprocessing = 0;
		};
		305C2F3E2A56A52F00861B10 /* Sources */ = {
			isa = PBXSourcesBuildPhase;
			buildActionMask = 2147483647;
			files = (
				305C2F472A56A52F00861B10 /* bmob_chatgpt_demoTests.swift in Sources */,
			);
			runOnlyForDeploymentPostprocessing = 0;
		};
		305C2F482A56A52F00861B10 /* Sources */ = {
			isa = PBXSourcesBuildPhase;
			buildActionMask = 2147483647;
			files = (
				305C2F512A56A52F00861B10 /* bmob_chatgpt_demoUITests.swift in Sources */,
				305C2F532A56A52F00861B10 /* bmob_chatgpt_demoUITestsLaunchTests.swift in Sources */,
			);
			runOnlyForDeploymentPostprocessing = 0;
		};
/* End PBXSourcesBuildPhase section */

/* Begin PBXTargetDependency section */
		305C2F442A56A52F00861B10 /* PBXTargetDependency */ = {
			isa = PBXTargetDependency;
			target = 305C2F302A56A52D00861B10 /* bmob-chatgpt-demo */;
			targetProxy = 305C2F432A56A52F00861B10 /* PBXContainerItemProxy */;
		};
		305C2F4E2A56A52F00861B10 /* PBXTargetDependency */ = {
			isa = PBXTargetDependency;
			target = 305C2F302A56A52D00861B10 /* bmob-chatgpt-demo */;
			targetProxy = 305C2F4D2A56A52F00861B10 /* PBXContainerItemProxy */;
		};
/* End PBXTargetDependency section */

/* Begin XCBuildConfiguration section */
		305C2F542A56A52F00861B10 /* Debug */ = {
			isa = XCBuildConfiguration;
			buildSettings = {
				ALWAYS_SEARCH_USER_PATHS = NO;
				CLANG_ANALYZER_NONNULL = YES;
				CLANG_ANALYZER_NUMBER_OBJECT_CONVERSION = YES_AGGRESSIVE;
				CLANG_CXX_LANGUAGE_STANDARD = "gnu++20";
				CLANG_ENABLE_MODULES = YES;
				CLANG_ENABLE_OBJC_ARC = YES;
				CLANG_ENABLE_OBJC_WEAK = YES;
				CLANG_WARN_BLOCK_CAPTURE_AUTORELEASING = YES;
				CLANG_WARN_BOOL_CONVERSION = YES;
				CLANG_WARN_COMMA = YES;
				CLANG_WARN_CONSTANT_CONVERSION = YES;
				CLANG_WARN_DEPRECATED_OBJC_IMPLEMENTATIONS = YES;
				CLANG_WARN_DIRECT_OBJC_ISA_USAGE = YES_ERROR;
				CLANG_WARN_DOCUMENTATION_COMMENTS = YES;
				CLANG_WARN_EMPTY_BODY = YES;
				CLANG_WARN_ENUM_CONVERSION = YES;
				CLANG_WARN_INFINITE_RECURSION = YES;
				CLANG_WARN_INT_CONVERSION = YES;
				CLANG_WARN_NON_LITERAL_NULL_CONVERSION = YES;
				CLANG_WARN_OBJC_IMPLICIT_RETAIN_SELF = YES;
				CLANG_WARN_OBJC_LITERAL_CONVERSION = YES;
				CLANG_WARN_OBJC_ROOT_CLASS = YES_ERROR;
				CLANG_WARN_QUOTED_INCLUDE_IN_FRAMEWORK_HEADER = YES;
				CLANG_WARN_RANGE_LOOP_ANALYSIS = YES;
				CLANG_WARN_STRICT_PROTOTYPES = YES;
				CLANG_WARN_SUSPICIOUS_MOVE = YES;
				CLANG_WARN_UNGUARDED_AVAILABILITY = YES_AGGRESSIVE;
				CLANG_WARN_UNREACHABLE_CODE = YES;
				CLANG_WARN__DUPLICATE_METHOD_MATCH = YES;
				COPY_PHASE_STRIP = NO;
				DEBUG_INFORMATION_FORMAT = dwarf;
				ENABLE_STRICT_OBJC_MSGSEND = YES;
				ENABLE_TESTABILITY = YES;
				GCC_C_LANGUAGE_STANDARD = gnu11;
				GCC_DYNAMIC_NO_PIC = NO;
				GCC_NO_COMMON_BLOCKS = YES;
				GCC_OPTIMIZATION_LEVEL = 0;
				GCC_PREPROCESSOR_DEFINITIONS = (
					"DEBUG=1",
					"$(inherited)",
				);
				GCC_WARN_64_TO_32_BIT_CONVERSION = YES;
				GCC_WARN_ABOUT_RETURN_TYPE = YES_ERROR;
				GCC_WARN_UNDECLARED_SELECTOR = YES;
				GCC_WARN_UNINITIALIZED_AUTOS = YES_AGGRESSIVE;
				GCC_WARN_UNUSED_FUNCTION = YES;
				GCC_WARN_UNUSED_VARIABLE = YES;
				MTL_ENABLE_DEBUG_INFO = INCLUDE_SOURCE;
				MTL_FAST_MATH = YES;
				ONLY_ACTIVE_ARCH = YES;
				SWIFT_ACTIVE_COMPILATION_CONDITIONS = DEBUG;
				SWIFT_OPTIMIZATION_LEVEL = "-Onone";
			};
			name = Debug;
		};
		305C2F552A56A52F00861B10 /* Release */ = {
			isa = XCBuildConfiguration;
			buildSettings = {
				ALWAYS_SEARCH_USER_PATHS = NO;
				CLANG_ANALYZER_NONNULL = YES;
				CLANG_ANALYZER_NUMBER_OBJECT_CONVERSION = YES_AGGRESSIVE;
				CLANG_CXX_LANGUAGE_STANDARD = "gnu++20";
				CLANG_ENABLE_MODULES = YES;
				CLANG_ENABLE_OBJC_ARC = YES;
				CLANG_ENABLE_OBJC_WEAK = YES;
				CLANG_WARN_BLOCK_CAPTURE_AUTORELEASING = YES;
				CLANG_WARN_BOOL_CONVERSION = YES;
				CLANG_WARN_COMMA = YES;
				CLANG_WARN_CONSTANT_CONVERSION = YES;
				CLANG_WARN_DEPRECATED_OBJC_IMPLEMENTATIONS = YES;
				CLANG_WARN_DIRECT_OBJC_ISA_USAGE = YES_ERROR;
				CLANG_WARN_DOCUMENTATION_COMMENTS = YES;
				CLANG_WARN_EMPTY_BODY = YES;
				CLANG_WARN_ENUM_CONVERSION = YES;
				CLANG_WARN_INFINITE_RECURSION = YES;
				CLANG_WARN_INT_CONVERSION = YES;
				CLANG_WARN_NON_LITERAL_NULL_CONVERSION = YES;
				CLANG_WARN_OBJC_IMPLICIT_RETAIN_SELF = YES;
				CLANG_WARN_OBJC_LITERAL_CONVERSION = YES;
				CLANG_WARN_OBJC_ROOT_CLASS = YES_ERROR;
				CLANG_WARN_QUOTED_INCLUDE_IN_FRAMEWORK_HEADER = YES;
				CLANG_WARN_RANGE_LOOP_ANALYSIS = YES;
				CLANG_WARN_STRICT_PROTOTYPES = YES;
				CLANG_WARN_SUSPICIOUS_MOVE = YES;
				CLANG_WARN_UNGUARDED_AVAILABILITY = YES_AGGRESSIVE;
				CLANG_WARN_UNREACHABLE_CODE = YES;
				CLANG_WARN__DUPLICATE_METHOD_MATCH = YES;
				COPY_PHASE_STRIP = NO;
				DEBUG_INFORMATION_FORMAT = "dwarf-with-dsym";
				ENABLE_NS_ASSERTIONS = NO;
				ENABLE_STRICT_OBJC_MSGSEND = YES;
				GCC_C_LANGUAGE_STANDARD = gnu11;
				GCC_NO_COMMON_BLOCKS = YES;
				GCC_WARN_64_TO_32_BIT_CONVERSION = YES;
				GCC_WARN_ABOUT_RETURN_TYPE = YES_ERROR;
				GCC_WARN_UNDECLARED_SELECTOR = YES;
				GCC_WARN_UNINITIALIZED_AUTOS = YES_AGGRESSIVE;
				GCC_WARN_UNUSED_FUNCTION = YES;
				GCC_WARN_UNUSED_VARIABLE = YES;
				MTL_ENABLE_DEBUG_INFO = NO;
				MTL_FAST_MATH = YES;
				SWIFT_COMPILATION_MODE = wholemodule;
				SWIFT_OPTIMIZATION_LEVEL = "-O";
			};
			name = Release;
		};
		305C2F572A56A52F00861B10 /* Debug */ = {
			isa = XCBuildConfiguration;
			buildSettings = {
				ASSETCATALOG_COMPILER_APPICON_NAME = AppIcon;
				ASSETCATALOG_COMPILER_GLOBAL_ACCENT_COLOR_NAME = AccentColor;
				CODE_SIGN_ENTITLEMENTS = "bmob-chatgpt-demo/bmob_chatgpt_demo.entitlements";
				CODE_SIGN_STYLE = Automatic;
				CURRENT_PROJECT_VERSION = 1;
				DEVELOPMENT_ASSET_PATHS = "\"bmob-chatgpt-demo/Preview Content\"";
				ENABLE_PREVIEWS = YES;
				GENERATE_INFOPLIST_FILE = YES;
				"INFOPLIST_KEY_UIApplicationSceneManifest_Generation[sdk=iphoneos*]" = YES;
				"INFOPLIST_KEY_UIApplicationSceneManifest_Generation[sdk=iphonesimulator*]" = YES;
				"INFOPLIST_KEY_UIApplicationSupportsIndirectInputEvents[sdk=iphoneos*]" = YES;
				"INFOPLIST_KEY_UIApplicationSupportsIndirectInputEvents[sdk=iphonesimulator*]" = YES;
				"INFOPLIST_KEY_UILaunchScreen_Generation[sdk=iphoneos*]" = YES;
				"INFOPLIST_KEY_UILaunchScreen_Generation[sdk=iphonesimulator*]" = YES;
				"INFOPLIST_KEY_UIStatusBarStyle[sdk=iphoneos*]" = UIStatusBarStyleDefault;
				"INFOPLIST_KEY_UIStatusBarStyle[sdk=iphonesimulator*]" = UIStatusBarStyleDefault;
				INFOPLIST_KEY_UISupportedInterfaceOrientations_iPad = "UIInterfaceOrientationPortrait UIInterfaceOrientationPortraitUpsideDown UIInterfaceOrientationLandscapeLeft UIInterfaceOrientationLandscapeRight";
				INFOPLIST_KEY_UISupportedInterfaceOrientations_iPhone = "UIInterfaceOrientationPortrait UIInterfaceOrientationLandscapeLeft UIInterfaceOrientationLandscapeRight";
				IPHONEOS_DEPLOYMENT_TARGET = 16.2;
				LD_RUNPATH_SEARCH_PATHS = "@executable_path/Frameworks";
				"LD_RUNPATH_SEARCH_PATHS[sdk=macosx*]" = "@executable_path/../Frameworks";
				MACOSX_DEPLOYMENT_TARGET = 13.1;
				MARKETING_VERSION = 1.0;
				PRODUCT_BUNDLE_IDENTIFIER = "bmob.bmob-chatgpt-demo";
				PRODUCT_NAME = "$(TARGET_NAME)";
				SDKROOT = auto;
				SUPPORTED_PLATFORMS = "iphoneos iphonesimulator macosx";
				SWIFT_EMIT_LOC_STRINGS = YES;
				SWIFT_VERSION = 5.0;
				TARGETED_DEVICE_FAMILY = "1,2";
			};
			name = Debug;
		};
		305C2F582A56A52F00861B10 /* Release */ = {
			isa = XCBuildConfiguration;
			buildSettings = {
				ASSETCATALOG_COMPILER_APPICON_NAME = AppIcon;
				ASSETCATALOG_COMPILER_GLOBAL_ACCENT_COLOR_NAME = AccentColor;
				CODE_SIGN_ENTITLEMENTS = "bmob-chatgpt-demo/bmob_chatgpt_demo.entitlements";
				CODE_SIGN_STYLE = Automatic;
				CURRENT_PROJECT_VERSION = 1;
				DEVELOPMENT_ASSET_PATHS = "\"bmob-chatgpt-demo/Preview Content\"";
				ENABLE_PREVIEWS = YES;
				GENERATE_INFOPLIST_FILE = YES;
				"INFOPLIST_KEY_UIApplicationSceneManifest_Generation[sdk=iphoneos*]" = YES;
				"INFOPLIST_KEY_UIApplicationSceneManifest_Generation[sdk=iphonesimulator*]" = YES;
				"INFOPLIST_KEY_UIApplicationSupportsIndirectInputEvents[sdk=iphoneos*]" = YES;
				"INFOPLIST_KEY_UIApplicationSupportsIndirectInputEvents[sdk=iphonesimulator*]" = YES;
				"INFOPLIST_KEY_UILaunchScreen_Generation[sdk=iphoneos*]" = YES;
				"INFOPLIST_KEY_UILaunchScreen_Generation[sdk=iphonesimulator*]" = YES;
				"INFOPLIST_KEY_UIStatusBarStyle[sdk=iphoneos*]" = UIStatusBarStyleDefault;
				"INFOPLIST_KEY_UIStatusBarStyle[sdk=iphonesimulator*]" = UIStatusBarStyleDefault;
				INFOPLIST_KEY_UISupportedInterfaceOrientations_iPad = "UIInterfaceOrientationPortrait UIInterfaceOrientationPortraitUpsideDown UIInterfaceOrientationLandscapeLeft UIInterfaceOrientationLandscapeRight";
				INFOPLIST_KEY_UISupportedInterfaceOrientations_iPhone = "UIInterfaceOrientationPortrait UIInterfaceOrientationLandscapeLeft UIInterfaceOrientationLandscapeRight";
				IPHONEOS_DEPLOYMENT_TARGET = 16.2;
				LD_RUNPATH_SEARCH_PATHS = "@executable_path/Frameworks";
				"LD_RUNPATH_SEARCH_PATHS[sdk=macosx*]" = "@executable_path/../Frameworks";
				MACOSX_DEPLOYMENT_TARGET = 13.1;
				MARKETING_VERSION = 1.0;
				PRODUCT_BUNDLE_IDENTIFIER = "bmob.bmob-chatgpt-demo";
				PRODUCT_NAME = "$(TARGET_NAME)";
				SDKROOT = auto;
				SUPPORTED_PLATFORMS = "iphoneos iphonesimulator macosx";
				SWIFT_EMIT_LOC_STRINGS = YES;
				SWIFT_VERSION = 5.0;
				TARGETED_DEVICE_FAMILY = "1,2";
			};
			name = Release;
		};
		305C2F5A2A56A52F00861B10 /* Debug */ = {
			isa = XCBuildConfiguration;
			buildSettings = {
				ALWAYS_EMBED_SWIFT_STANDARD_LIBRARIES = YES;
				BUNDLE_LOADER = "$(TEST_HOST)";
				CODE_SIGN_STYLE = Automatic;
				CURRENT_PROJECT_VERSION = 1;
				GENERATE_INFOPLIST_FILE = YES;
				IPHONEOS_DEPLOYMENT_TARGET = 16.2;
				MACOSX_DEPLOYMENT_TARGET = 13.1;
				MARKETING_VERSION = 1.0;
				PRODUCT_BUNDLE_IDENTIFIER = "bmob.bmob-chatgpt-demoTests";
				PRODUCT_NAME = "$(TARGET_NAME)";
				SDKROOT = auto;
				SUPPORTED_PLATFORMS = "iphoneos iphonesimulator macosx";
				SWIFT_EMIT_LOC_STRINGS = NO;
				SWIFT_VERSION = 5.0;
				TARGETED_DEVICE_FAMILY = "1,2";
				TEST_HOST = "$(BUILT_PRODUCTS_DIR)/bmob-chatgpt-demo.app/$(BUNDLE_EXECUTABLE_FOLDER_PATH)/bmob-chatgpt-demo";
			};
			name = Debug;
		};
		305C2F5B2A56A52F00861B10 /* Release */ = {
			isa = XCBuildConfiguration;
			buildSettings = {
				ALWAYS_EMBED_SWIFT_STANDARD_LIBRARIES = YES;
				BUNDLE_LOADER = "$(TEST_HOST)";
				CODE_SIGN_STYLE = Automatic;
				CURRENT_PROJECT_VERSION = 1;
				GENERATE_INFOPLIST_FILE = YES;
				IPHONEOS_DEPLOYMENT_TARGET = 16.2;
				MACOSX_DEPLOYMENT_TARGET = 13.1;
				MARKETING_VERSION = 1.0;
				PRODUCT_BUNDLE_IDENTIFIER = "bmob.bmob-chatgpt-demoTests";
				PRODUCT_NAME = "$(TARGET_NAME)";
				SDKROOT = auto;
				SUPPORTED_PLATFORMS = "iphoneos iphonesimulator macosx";
				SWIFT_EMIT_LOC_STRINGS = NO;
				SWIFT_VERSION = 5.0;
				TARGETED_DEVICE_FAMILY = "1,2";
				TEST_HOST = "$(BUILT_PRODUCTS_DIR)/bmob-chatgpt-demo.app/$(BUNDLE_EXECUTABLE_FOLDER_PATH)/bmob-chatgpt-demo";
			};
			name = Release;
		};
		305C2F5D2A56A52F00861B10 /* Debug */ = {
			isa = XCBuildConfiguration;
			buildSettings = {
				ALWAYS_EMBED_SWIFT_STANDARD_LIBRARIES = YES;
				CODE_SIGN_STYLE = Automatic;
				CURRENT_PROJECT_VERSION = 1;
				GENERATE_INFOPLIST_FILE = YES;
				IPHONEOS_DEPLOYMENT_TARGET = 16.2;
				MACOSX_DEPLOYMENT_TARGET = 13.1;
				MARKETING_VERSION = 1.0;
				PRODUCT_BUNDLE_IDENTIFIER = "bmob.bmob-chatgpt-demoUITests";
				PRODUCT_NAME = "$(TARGET_NAME)";
				SDKROOT = auto;
				SUPPORTED_PLATFORMS = "iphoneos iphonesimulator macosx";
				SWIFT_EMIT_LOC_STRINGS = NO;
				SWIFT_VERSION = 5.0;
				TARGETED_DEVICE_FAMILY = "1,2";
				TEST_TARGET_NAME = "bmob-chatgpt-demo";
			};
			name = Debug;
		};
		305C2F5E2A56A52F00861B10 /* Release */ = {
			isa = XCBuildConfiguration;
			buildSettings = {
				ALWAYS_EMBED_SWIFT_STANDARD_LIBRARIES = YES;
				CODE_SIGN_STYLE = Automatic;
				CURRENT_PROJECT_VERSION = 1;
				GENERATE_INFOPLIST_FILE = YES;
				IPHONEOS_DEPLOYMENT_TARGET = 16.2;
				MACOSX_DEPLOYMENT_TARGET = 13.1;
				MARKETING_VERSION = 1.0;
				PRODUCT_BUNDLE_IDENTIFIER = "bmob.bmob-chatgpt-demoUITests";
				PRODUCT_NAME = "$(TARGET_NAME)";
				SDKROOT = auto;
				SUPPORTED_PLATFORMS = "iphoneos iphonesimulator macosx";
				SWIFT_EMIT_LOC_STRINGS = NO;
				SWIFT_VERSION = 5.0;
				TARGETED_DEVICE_FAMILY = "1,2";
				TEST_TARGET_NAME = "bmob-chatgpt-demo";
			};
			name = Release;
		};
/* End XCBuildConfiguration section */

/* Begin XCConfigurationList section */
		305C2F2C2A56A52D00861B10 /* Build configuration list for PBXProject "bmob-chatgpt-demo" */ = {
			isa = XCConfigurationList;
			buildConfigurations = (
				305C2F542A56A52F00861B10 /* Debug */,
				305C2F552A56A52F00861B10 /* Release */,
			);
			defaultConfigurationIsVisible = 0;
			defaultConfigurationName = Release;
		};
		305C2F562A56A52F00861B10 /* Build configuration list for PBXNativeTarget "bmob-chatgpt-demo" */ = {
			isa = XCConfigurationList;
			buildConfigurations = (
				305C2F572A56A52F00861B10 /* Debug */,
				305C2F582A56A52F00861B10 /* Release */,
			);
			defaultConfigurationIsVisible = 0;
			defaultConfigurationName = Release;
		};
		305C2F592A56A52F00861B10 /* Build configuration list for PBXNativeTarget "bmob-chatgpt-demoTests" */ = {
			isa = XCConfigurationList;
			buildConfigurations = (
				305C2F5A2A56A52F00861B10 /* Debug */,
				305C2F5B2A56A52F00861B10 /* Release */,
			);
			defaultConfigurationIsVisible = 0;
			defaultConfigurationName = Release;
		};
		305C2F5C2A56A52F00861B10 /* Build configuration list for PBXNativeTarget "bmob-chatgpt-demoUITests" */ = {
			isa = XCConfigurationList;
			buildConfigurations = (
				305C2F5D2A56A52F00861B10 /* Debug */,
				305C2F5E2A56A52F00861B10 /* Release */,
			);
			defaultConfigurationIsVisible = 0;
			defaultConfigurationName = Release;
		};
/* End XCConfigurationList section */
	};
	rootObject = 305C2F292A56A52D00861B10 /* Project object */;
}
